{
  "name": "chrome-extension-manifests-dataset",
  "lockfileVersion": 2,
  "requires": true,
  "packages": {
    "": {
      "dependencies": {
        "frontmatter": "^0.0.3",
        "matchme": "^2.0.1"
      }
    },
    "node_modules/argparse": {
      "version": "1.0.10",
      "resolved": "https://registry.npmjs.org/argparse/-/argparse-1.0.10.tgz",
      "integrity": "sha512-o5Roy6tNG4SL/FOkCAN6RzjiakZS25RLYFrcMttJqbdd8BWrnA+fGz57iN5Pb06pvBGvl5gQ0B48dJlslXvoTg==",
      "dependencies": {
        "sprintf-js": "~1.0.2"
      }
    },
    "node_modules/esprima": {
      "version": "4.0.1",
      "resolved": "https://registry.npmjs.org/esprima/-/esprima-4.0.1.tgz",
      "integrity": "sha512-eGuFFw7Upda+g4p+QHvnW0RyTX/SVeJBDM/gCtMARO0cLuT2HcEKnTPvhjV6aGeqrCB/sbNop0Kszm0jsaWU4A==",
      "bin": {
        "esparse": "bin/esparse.js",
        "esvalidate": "bin/esvalidate.js"
      },
      "engines": {
        "node": ">=4"
      }
    },
    "node_modules/frontmatter": {
      "version": "0.0.3",
      "resolved": "https://registry.npmjs.org/frontmatter/-/frontmatter-0.0.3.tgz",
      "integrity": "sha512-mp/uBpxwnfYSl3cjtESYHuOvNWfYEwUjhFjXYbX9zA5b/dAX7qvON3sQQmvnOMUpi21GVG7RQ/ODX0Te28QiOw==",
      "dependencies": {
        "js-yaml": "^3.4.6"
      }
    },
    "node_modules/js-yaml": {
      "version": "3.14.1",
      "resolved": "https://registry.npmjs.org/js-yaml/-/js-yaml-3.14.1.tgz",
      "integrity": "sha512-okMH7OXXJ7YrN9Ok3/SXrnu4iX9yOk+25nqX4imS2npuvTYDmo/QEZoqwZkYaIDk3jVvBOTOIEgEhaLOynBS9g==",
      "dependencies": {
        "argparse": "^1.0.7",
        "esprima": "^4.0.0"
      },
      "bin": {
        "js-yaml": "bin/js-yaml.js"
      }
    },
    "node_modules/matchme": {
      "version": "2.0.1",
      "resolved": "https://registry.npmjs.org/matchme/-/matchme-2.0.1.tgz",
      "integrity": "sha512-9cJLEJmJ73eS1AYg9wZMbMaO8Eo1nKuieA2rc3s6AzbabayQIMugB2/vNYimVkD5giQqKEKmdQQ35meL+aSLrA=="
    },
    "node_modules/sprintf-js": {
      "version": "1.0.3",
      "resolved": "https://registry.npmjs.org/sprintf-js/-/sprintf-js-1.0.3.tgz",
      "integrity": "sha512-D9cPgkvLlV3t3IzL0D0YLvGA9Ahk4PcvVwUbN0dSGr1aP0Nrt4AEnTUbuGvquEC0mA64Gqt1fzirlRs5ibXx8g=="
    }
  },
  "dependencies": {
    "argparse": {
      "version": "1.0.10",
      "resolved": "https://registry.npmjs.org/argparse/-/argparse-1.0.10.tgz",
      "integrity": "sha512-o5Roy6tNG4SL/FOkCAN6RzjiakZS25RLYFrcMttJqbdd8BWrnA+fGz57iN5Pb06pvBGvl5gQ0B48dJlslXvoTg==",
      "requires": {
        "sprintf-js": "~1.0.2"
      }
    },
    "esprima": {
      "version": "4.0.1",
      "resolved": "https://registry.npmjs.org/esprima/-/esprima-4.0.1.tgz",
      "integrity": "sha512-eGuFFw7Upda+g4p+QHvnW0RyTX/SVeJBDM/gCtMARO0cLuT2HcEKnTPvhjV6aGeqrCB/sbNop0Kszm0jsaWU4A=="
    },
    "frontmatter": {
      "version": "0.0.3",
      "resolved": "https://registry.npmjs.org/frontmatter/-/frontmatter-0.0.3.tgz",
      "integrity": "sha512-mp/uBpxwnfYSl3cjtESYHuOvNWfYEwUjhFjXYbX9zA5b/dAX7qvON3sQQmvnOMUpi21GVG7RQ/ODX0Te28QiOw==",
      "requires": {
        "js-yaml": "^3.4.6"
      }
    },
    "js-yaml": {
      "version": "3.14.1",
      "resolved": "https://registry.npmjs.org/js-yaml/-/js-yaml-3.14.1.tgz",
      "integrity": "sha512-okMH7OXXJ7YrN9Ok3/SXrnu4iX9yOk+25nqX4imS2npuvTYDmo/QEZoqwZkYaIDk3jVvBOTOIEgEhaLOynBS9g==",
      "requires": {
        "argparse": "^1.0.7",
        "esprima": "^4.0.0"
      }
    },
    "matchme": {
      "version": "2.0.1",
      "resolved": "https://registry.npmjs.org/matchme/-/matchme-2.0.1.tgz",
      "integrity": "sha512-9cJLEJmJ73eS1AYg9wZMbMaO8Eo1nKuieA2rc3s6AzbabayQIMugB2/vNYimVkD5giQqKEKmdQQ35meL+aSLrA=="
    },
    "sprintf-js": {
      "version": "1.0.3",
      "resolved": "https://registry.npmjs.org/sprintf-js/-/sprintf-js-1.0.3.tgz",
      "integrity": "sha512-D9cPgkvLlV3t3IzL0D0YLvGA9Ahk4PcvVwUbN0dSGr1aP0Nrt4AEnTUbuGvquEC0mA64Gqt1fzirlRs5ibXx8g=="
    }
  }
}
